{
  "name": "catta",
  "version": "2.1.1",
  "lockfileVersion": 1,
  "requires": true,
  "dependencies": {
    "core-js": {
      "version": "2.5.7",
      "resolved": "http://registry.npm.alibaba-inc.com/core-js/download/core-js-2.5.7.tgz",
      "integrity": "sha1-+XJgj/DOrWi4QaFqky0LGDeRgU4=",
      "dev": true
    },
    "es6-promise": {
      "version": "4.2.4",
      "resolved": "http://registry.npm.alibaba-inc.com/es6-promise/download/es6-promise-4.2.4.tgz",
      "integrity": "sha1-3EIhwrFlGHYL2MOaUtjzVvwA7Sk=",
      "dev": true
    }
  }
}
